
Microsoft Visual Studio Solution File, Format Version 12.00
# Visual Studio Version 17
VisualStudioVersion = 17.0.31903.59
MinimumVisualStudioVersion = 10.0.40219.1
Project("{FAE04EC0-301F-11D3-BF4B-00C04F79EFBC}") = "SellingDreamsWebApi", "SellingDreamsWebApi\SellingDreamsWebApi.csproj", "{E0E9EE39-AB84-4B0F-97AF-4103516E4238}"
EndProject
Project("{FAE04EC0-301F-11D3-BF4B-00C04F79EFBC}") = "SellingDreamsCommandHandler", "SellingDreamsCommandHandler\SellingDreamsCommandHandler.csproj", "{D5A125E9-B40A-4AB2-9DDB-9A061AF1DF5D}"
EndProject
Project("{FAE04EC0-301F-11D3-BF4B-00C04F79EFBC}") = "SellingDreamsInfrastructure", "SellingDreamsInfrastructure\SellingDreamsInfrastructure.csproj", "{8C5E3CD9-B0F4-4647-A91A-920A0B0D6408}"
EndProject
Project("{FAE04EC0-301F-11D3-BF4B-00C04F79EFBC}") = "SellingDreamsService", "SellingDreamsService\SellingDreamsService.csproj", "{DF962212-2B61-4F23-BB41-709F301B1DF0}"
EndProject
Project("{FAE04EC0-301F-11D3-BF4B-00C04F79EFBC}") = "SellingDreamsTest", "SellingDreamsTest\SellingDreamsTest.csproj", "{A64CCD4C-0E48-4E22-9C06-B72B5CB9AA9A}"
EndProject
Global
	GlobalSection(SolutionProperties) = preSolution
		HideSolutionNode = FALSE
	EndGlobalSection
	GlobalSection(SolutionConfigurationPlatforms) = preSolution
		Debug|Any CPU = Debug|Any CPU
		Debug|x64 = Debug|x64
		Debug|x86 = Debug|x86
		Release|Any CPU = Release|Any CPU
		Release|x64 = Release|x64
		Release|x86 = Release|x86
	EndGlobalSection
	GlobalSection(ProjectConfigurationPlatforms) = postSolution
		{E0E9EE39-AB84-4B0F-97AF-4103516E4238}.Debug|Any CPU.ActiveCfg = Debug|Any CPU
		{E0E9EE39-AB84-4B0F-97AF-4103516E4238}.Debug|Any CPU.Build.0 = Debug|Any CPU
		{E0E9EE39-AB84-4B0F-97AF-4103516E4238}.Debug|x64.ActiveCfg = Debug|Any CPU
		{E0E9EE39-AB84-4B0F-97AF-4103516E4238}.Debug|x64.Build.0 = Debug|Any CPU
		{E0E9EE39-AB84-4B0F-97AF-4103516E4238}.Debug|x86.ActiveCfg = Debug|Any CPU
		{E0E9EE39-AB84-4B0F-97AF-4103516E4238}.Debug|x86.Build.0 = Debug|Any CPU
		{E0E9EE39-AB84-4B0F-97AF-4103516E4238}.Release|Any CPU.ActiveCfg = Release|Any CPU
		{E0E9EE39-AB84-4B0F-97AF-4103516E4238}.Release|Any CPU.Build.0 = Release|Any CPU
		{E0E9EE39-AB84-4B0F-97AF-4103516E4238}.Release|x64.ActiveCfg = Release|Any CPU
		{E0E9EE39-AB84-4B0F-97AF-4103516E4238}.Release|x64.Build.0 = Release|Any CPU
		{E0E9EE39-AB84-4B0F-97AF-4103516E4238}.Release|x86.ActiveCfg = Release|Any CPU
		{E0E9EE39-AB84-4B0F-97AF-4103516E4238}.Release|x86.Build.0 = Release|Any CPU
		{D5A125E9-B40A-4AB2-9DDB-9A061AF1DF5D}.Debug|Any CPU.ActiveCfg = Debug|Any CPU
		{D5A125E9-B40A-4AB2-9DDB-9A061AF1DF5D}.Debug|Any CPU.Build.0 = Debug|Any CPU
		{D5A125E9-B40A-4AB2-9DDB-9A061AF1DF5D}.Debug|x64.ActiveCfg = Debug|Any CPU
		{D5A125E9-B40A-4AB2-9DDB-9A061AF1DF5D}.Debug|x64.Build.0 = Debug|Any CPU
		{D5A125E9-B40A-4AB2-9DDB-9A061AF1DF5D}.Debug|x86.ActiveCfg = Debug|Any CPU
		{D5A125E9-B40A-4AB2-9DDB-9A061AF1DF5D}.Debug|x86.Build.0 = Debug|Any CPU
		{D5A125E9-B40A-4AB2-9DDB-9A061AF1DF5D}.Release|Any CPU.ActiveCfg = Release|Any CPU
		{D5A125E9-B40A-4AB2-9DDB-9A061AF1DF5D}.Release|Any CPU.Build.0 = Release|Any CPU
		{D5A125E9-B40A-4AB2-9DDB-9A061AF1DF5D}.Release|x64.ActiveCfg = Release|Any CPU
		{D5A125E9-B40A-4AB2-9DDB-9A061AF1DF5D}.Release|x64.Build.0 = Release|Any CPU
		{D5A125E9-B40A-4AB2-9DDB-9A061AF1DF5D}.Release|x86.ActiveCfg = Release|Any CPU
		{D5A125E9-B40A-4AB2-9DDB-9A061AF1DF5D}.Release|x86.Build.0 = Release|Any CPU
		{8C5E3CD9-B0F4-4647-A91A-920A0B0D6408}.Debug|Any CPU.ActiveCfg = Debug|Any CPU
		{8C5E3CD9-B0F4-4647-A91A-920A0B0D6408}.Debug|Any CPU.Build.0 = Debug|Any CPU
		{8C5E3CD9-B0F4-4647-A91A-920A0B0D6408}.Debug|x64.ActiveCfg = Debug|Any CPU
		{8C5E3CD9-B0F4-4647-A91A-920A0B0D6408}.Debug|x64.Build.0 = Debug|Any CPU
		{8C5E3CD9-B0F4-4647-A91A-920A0B0D6408}.Debug|x86.ActiveCfg = Debug|Any CPU
		{8C5E3CD9-B0F4-4647-A91A-920A0B0D6408}.Debug|x86.Build.0 = Debug|Any CPU
		{8C5E3CD9-B0F4-4647-A91A-920A0B0D6408}.Release|Any CPU.ActiveCfg = Release|Any CPU
		{8C5E3CD9-B0F4-4647-A91A-920A0B0D6408}.Release|Any CPU.Build.0 = Release|Any CPU
		{8C5E3CD9-B0F4-4647-A91A-920A0B0D6408}.Release|x64.ActiveCfg = Release|Any CPU
		{8C5E3CD9-B0F4-4647-A91A-920A0B0D6408}.Release|x64.Build.0 = Release|Any CPU
		{8C5E3CD9-B0F4-4647-A91A-920A0B0D6408}.Release|x86.ActiveCfg = Release|Any CPU
		{8C5E3CD9-B0F4-4647-A91A-920A0B0D6408}.Release|x86.Build.0 = Release|Any CPU
		{DF962212-2B61-4F23-BB41-709F301B1DF0}.Debug|Any CPU.ActiveCfg = Debug|Any CPU
		{DF962212-2B61-4F23-BB41-709F301B1DF0}.Debug|Any CPU.Build.0 = Debug|Any CPU
		{DF962212-2B61-4F23-BB41-709F301B1DF0}.Debug|x64.ActiveCfg = Debug|Any CPU
		{DF962212-2B61-4F23-BB41-709F301B1DF0}.Debug|x64.Build.0 = Debug|Any CPU
		{DF962212-2B61-4F23-BB41-709F301B1DF0}.Debug|x86.ActiveCfg = Debug|Any CPU
		{DF962212-2B61-4F23-BB41-709F301B1DF0}.Debug|x86.Build.0 = Debug|Any CPU
		{DF962212-2B61-4F23-BB41-709F301B1DF0}.Release|Any CPU.ActiveCfg = Release|Any CPU
		{DF962212-2B61-4F23-BB41-709F301B1DF0}.Release|Any CPU.Build.0 = Release|Any CPU
		{DF962212-2B61-4F23-BB41-709F301B1DF0}.Release|x64.ActiveCfg = Release|Any CPU
		{DF962212-2B61-4F23-BB41-709F301B1DF0}.Release|x64.Build.0 = Release|Any CPU
		{DF962212-2B61-4F23-BB41-709F301B1DF0}.Release|x86.ActiveCfg = Release|Any CPU
		{DF962212-2B61-4F23-BB41-709F301B1DF0}.Release|x86.Build.0 = Release|Any CPU
		{A64CCD4C-0E48-4E22-9C06-B72B5CB9AA9A}.Debug|Any CPU.ActiveCfg = Debug|Any CPU
		{A64CCD4C-0E48-4E22-9C06-B72B5CB9AA9A}.Debug|Any CPU.Build.0 = Debug|Any CPU
		{A64CCD4C-0E48-4E22-9C06-B72B5CB9AA9A}.Debug|x64.ActiveCfg = Debug|Any CPU
		{A64CCD4C-0E48-4E22-9C06-B72B5CB9AA9A}.Debug|x64.Build.0 = Debug|Any CPU
		{A64CCD4C-0E48-4E22-9C06-B72B5CB9AA9A}.Debug|x86.ActiveCfg = Debug|Any CPU
		{A64CCD4C-0E48-4E22-9C06-B72B5CB9AA9A}.Debug|x86.Build.0 = Debug|Any CPU
		{A64CCD4C-0E48-4E22-9C06-B72B5CB9AA9A}.Release|Any CPU.ActiveCfg = Release|Any CPU
		{A64CCD4C-0E48-4E22-9C06-B72B5CB9AA9A}.Release|Any CPU.Build.0 = Release|Any CPU
		{A64CCD4C-0E48-4E22-9C06-B72B5CB9AA9A}.Release|x64.ActiveCfg = Release|Any CPU
		{A64CCD4C-0E48-4E22-9C06-B72B5CB9AA9A}.Release|x64.Build.0 = Release|Any CPU
		{A64CCD4C-0E48-4E22-9C06-B72B5CB9AA9A}.Release|x86.ActiveCfg = Release|Any CPU
		{A64CCD4C-0E48-4E22-9C06-B72B5CB9AA9A}.Release|x86.Build.0 = Release|Any CPU
	EndGlobalSection
EndGlobal
